// !$*UTF8*$!
{
	archiveVersion = 1;
	classes = {
	};
	objectVersion = 56;
	objects = {

/* Begin PBXBuildFile section */
		160446F82BE068D800560DE7 /* GestureModel.swift in Sources */ = {isa = PBXBuildFile; fileRef = 160446F72BE068D800560DE7 /* GestureModel.swift */; };
		160446FA2BE0727F00560DE7 /* cloud_0_6.mp4 in Resources */ = {isa = PBXBuildFile; fileRef = 160446F92BE0727F00560DE7 /* cloud_0_6.mp4 */; };
		160446FC2BE0729E00560DE7 /* cloud_cat.mp4 in Resources */ = {isa = PBXBuildFile; fileRef = 160446FB2BE0729E00560DE7 /* cloud_cat.mp4 */; };
		160446FF2BE0742E00560DE7 /* reference.png in Resources */ = {isa = PBXBuildFile; fileRef = 160446FE2BE0742E00560DE7 /* reference.png */; };
		160447022BE0849000560DE7 /* Media.xcassets in Resources */ = {isa = PBXBuildFile; fileRef = 160447012BE0849000560DE7 /* Media.xcassets */; };
		160C7E022BC82D5800D942BE /* IntentView.swift in Sources */ = {isa = PBXBuildFile; fileRef = 160C7E012BC82D5800D942BE /* IntentView.swift */; };
		1623E6692BDEE66C006390A0 /* ViewModel.swift in Sources */ = {isa = PBXBuildFile; fileRef = 1623E6682BDEE66C006390A0 /* ViewModel.swift */; };
		1623E66B2BDF5099006390A0 /* DrawingView.swift in Sources */ = {isa = PBXBuildFile; fileRef = 1623E66A2BDF5099006390A0 /* DrawingView.swift */; };
		162B16A22BDD784B009CECA7 /* cloud_0.mp4 in Resources */ = {isa = PBXBuildFile; fileRef = 162B16A12BDD784B009CECA7 /* cloud_0.mp4 */; };
		162B16A42BDDCAD6009CECA7 /* cloud_0_3.mp4 in Resources */ = {isa = PBXBuildFile; fileRef = 162B16A32BDDCAD6009CECA7 /* cloud_0_3.mp4 */; };
		162B16A62BDDD0A6009CECA7 /* cloud_0_5.mp4 in Resources */ = {isa = PBXBuildFile; fileRef = 162B16A52BDDD0A6009CECA7 /* cloud_0_5.mp4 */; };
		162FB1322BC8438500B9BA2D /* MenuView.swift in Sources */ = {isa = PBXBuildFile; fileRef = 162FB1312BC8438500B9BA2D /* MenuView.swift */; };
		162FB1342BC878EE00B9BA2D /* SkyView.swift in Sources */ = {isa = PBXBuildFile; fileRef = 162FB1332BC878EE00B9BA2D /* SkyView.swift */; };
		162FB1622BC8943F00B9BA2D /* StartView.swift in Sources */ = {isa = PBXBuildFile; fileRef = 162FB1612BC8943F00B9BA2D /* StartView.swift */; };
		1647C6472BCD88C900C1B684 /* sky.MOV in Resources */ = {isa = PBXBuildFile; fileRef = 1647C6462BCD88C900C1B684 /* sky.MOV */; };
		1647C6492BCD8F0B00C1B684 /* rainbow_4.png in Resources */ = {isa = PBXBuildFile; fileRef = 1647C6482BCD8F0B00C1B684 /* rainbow_4.png */; };
		166D6F822BDFED2E0051364F /* ShareView.swift in Sources */ = {isa = PBXBuildFile; fileRef = 166D6F812BDFED2E0051364F /* ShareView.swift */; };
		166D6F842BDFF3D00051364F /* emily.png in Resources */ = {isa = PBXBuildFile; fileRef = 166D6F832BDFF3D00051364F /* emily.png */; };
		166FB6A32B7AA0F3004FAD5B /* ColorString.swift in Sources */ = {isa = PBXBuildFile; fileRef = 166FB6A22B7AA0F3004FAD5B /* ColorString.swift */; };
		16C5D74C2B6173D0008D91E0 /* RealityKitContent in Frameworks */ = {isa = PBXBuildFile; productRef = 16C5D74B2B6173D0008D91E0 /* RealityKitContent */; };
		16C5D74E2B6173D0008D91E0 /* test_vpApp.swift in Sources */ = {isa = PBXBuildFile; fileRef = 16C5D74D2B6173D0008D91E0 /* test_vpApp.swift */; };
		16C5D7502B6173D0008D91E0 /* ContentView.swift in Sources */ = {isa = PBXBuildFile; fileRef = 16C5D74F2B6173D0008D91E0 /* ContentView.swift */; };
		16C5D7522B6173D2008D91E0 /* Assets.xcassets in Resources */ = {isa = PBXBuildFile; fileRef = 16C5D7512B6173D2008D91E0 /* Assets.xcassets */; };
		16C5D7552B6173D2008D91E0 /* Preview Assets.xcassets in Resources */ = {isa = PBXBuildFile; fileRef = 16C5D7542B6173D2008D91E0 /* Preview Assets.xcassets */; };
		16C5D7602B6173D3008D91E0 /* test_vpTests.swift in Sources */ = {isa = PBXBuildFile; fileRef = 16C5D75F2B6173D3008D91E0 /* test_vpTests.swift */; };
		16CF4AA02BC9F3A000C105C2 /* portalBig.obj in Resources */ = {isa = PBXBuildFile; fileRef = 16CF4A9F2BC9F3A000C105C2 /* portalBig.obj */; };
		16DB823A2BD5FC0A0060C56A /* CirrusCumulus.otf in Resources */ = {isa = PBXBuildFile; fileRef = 16DB82392BD5FC0A0060C56A /* CirrusCumulus.otf */; };
		16DB823C2BD60B8C0060C56A /* cloud-lighter.png in Resources */ = {isa = PBXBuildFile; fileRef = 16DB823B2BD60B8C0060C56A /* cloud-lighter.png */; };
		16DB823E2BD60CF00060C56A /* whitecloud.png in Resources */ = {isa = PBXBuildFile; fileRef = 16DB823D2BD60CF00060C56A /* whitecloud.png */; };
		16DB824E2BD622F20060C56A /* cloud-1.png in Resources */ = {isa = PBXBuildFile; fileRef = 16DB823F2BD622F20060C56A /* cloud-1.png */; };
		16DB824F2BD622F20060C56A /* cloud-2.png in Resources */ = {isa = PBXBuildFile; fileRef = 16DB82402BD622F20060C56A /* cloud-2.png */; };
		16DB82502BD622F20060C56A /* cloud-3.png in Resources */ = {isa = PBXBuildFile; fileRef = 16DB82412BD622F20060C56A /* cloud-3.png */; };
		16DB82512BD622F20060C56A /* dawn-4.png in Resources */ = {isa = PBXBuildFile; fileRef = 16DB82422BD622F20060C56A /* dawn-4.png */; };
		16DB82522BD622F20060C56A /* dawn-5.png in Resources */ = {isa = PBXBuildFile; fileRef = 16DB82432BD622F20060C56A /* dawn-5.png */; };
		16DB82532BD622F20060C56A /* dawn-6.png in Resources */ = {isa = PBXBuildFile; fileRef = 16DB82442BD622F20060C56A /* dawn-6.png */; };
		16DB82542BD622F20060C56A /* day-2.png in Resources */ = {isa = PBXBuildFile; fileRef = 16DB82452BD622F20060C56A /* day-2.png */; };
		16DB82552BD622F20060C56A /* day-4.png in Resources */ = {isa = PBXBuildFile; fileRef = 16DB82462BD622F20060C56A /* day-4.png */; };
		16DB82562BD622F20060C56A /* day-5.png in Resources */ = {isa = PBXBuildFile; fileRef = 16DB82472BD622F20060C56A /* day-5.png */; };
		16DB82572BD622F20060C56A /* dusk-2.png in Resources */ = {isa = PBXBuildFile; fileRef = 16DB82482BD622F20060C56A /* dusk-2.png */; };
		16DB82582BD622F20060C56A /* dusk-3.png in Resources */ = {isa = PBXBuildFile; fileRef = 16DB82492BD622F20060C56A /* dusk-3.png */; };
		16DB82592BD622F20060C56A /* dusk-4.png in Resources */ = {isa = PBXBuildFile; fileRef = 16DB824A2BD622F20060C56A /* dusk-4.png */; };
		16DB825A2BD622F20060C56A /* dusk-5.png in Resources */ = {isa = PBXBuildFile; fileRef = 16DB824B2BD622F20060C56A /* dusk-5.png */; };
		16DB825B2BD622F20060C56A /* dusk-6.png in Resources */ = {isa = PBXBuildFile; fileRef = 16DB824C2BD622F20060C56A /* dusk-6.png */; };
/* End PBXBuildFile section */

/* Begin PBXContainerItemProxy section */
		16C5D75C2B6173D3008D91E0 /* PBXContainerItemProxy */ = {
			isa = PBXContainerItemProxy;
			containerPortal = 16C5D73E2B6173D0008D91E0 /* Project object */;
			proxyType = 1;
			remoteGlobalIDString = 16C5D7452B6173D0008D91E0;
			remoteInfo = test_vp;
		};
/* End PBXContainerItemProxy section */

/* Begin PBXFileReference section */
		160446F72BE068D800560DE7 /* GestureModel.swift */ = {isa = PBXFileReference; lastKnownFileType = sourcecode.swift; path = GestureModel.swift; sourceTree = "<group>"; };
		160446F92BE0727F00560DE7 /* cloud_0_6.mp4 */ = {isa = PBXFileReference; lastKnownFileType = file; path = cloud_0_6.mp4; sourceTree = "<group>"; };
		160446FB2BE0729E00560DE7 /* cloud_cat.mp4 */ = {isa = PBXFileReference; lastKnownFileType = file; path = cloud_cat.mp4; sourceTree = "<group>"; };
		160446FE2BE0742E00560DE7 /* reference.png */ = {isa = PBXFileReference; lastKnownFileType = image.png; path = reference.png; sourceTree = "<group>"; };
		160447012BE0849000560DE7 /* Media.xcassets */ = {isa = PBXFileReference; lastKnownFileType = folder.assetcatalog; path = Media.xcassets; sourceTree = "<group>"; };
		160C7E012BC82D5800D942BE /* IntentView.swift */ = {isa = PBXFileReference; lastKnownFileType = sourcecode.swift; path = IntentView.swift; sourceTree = "<group>"; };
		1623E6682BDEE66C006390A0 /* ViewModel.swift */ = {isa = PBXFileReference; lastKnownFileType = sourcecode.swift; path = ViewModel.swift; sourceTree = "<group>"; };
		1623E66A2BDF5099006390A0 /* DrawingView.swift */ = {isa = PBXFileReference; lastKnownFileType = sourcecode.swift; path = DrawingView.swift; sourceTree = "<group>"; };
		162B16A12BDD784B009CECA7 /* cloud_0.mp4 */ = {isa = PBXFileReference; lastKnownFileType = file; path = cloud_0.mp4; sourceTree = "<group>"; };
		162B16A32BDDCAD6009CECA7 /* cloud_0_3.mp4 */ = {isa = PBXFileReference; lastKnownFileType = file; path = cloud_0_3.mp4; sourceTree = "<group>"; };
		162B16A52BDDD0A6009CECA7 /* cloud_0_5.mp4 */ = {isa = PBXFileReference; lastKnownFileType = file; path = cloud_0_5.mp4; sourceTree = "<group>"; };
		162FB1312BC8438500B9BA2D /* MenuView.swift */ = {isa = PBXFileReference; lastKnownFileType = sourcecode.swift; path = MenuView.swift; sourceTree = "<group>"; };
		162FB1332BC878EE00B9BA2D /* SkyView.swift */ = {isa = PBXFileReference; lastKnownFileType = sourcecode.swift; path = SkyView.swift; sourceTree = "<group>"; };
		162FB1612BC8943F00B9BA2D /* StartView.swift */ = {isa = PBXFileReference; lastKnownFileType = sourcecode.swift; path = StartView.swift; sourceTree = "<group>"; };
		1647C6462BCD88C900C1B684 /* sky.MOV */ = {isa = PBXFileReference; lastKnownFileType = video.quicktime; name = sky.MOV; path = ../../../../Downloads/sky.MOV; sourceTree = "<group>"; };
		1647C6482BCD8F0B00C1B684 /* rainbow_4.png */ = {isa = PBXFileReference; lastKnownFileType = image.png; name = rainbow_4.png; path = ../../../../Downloads/rainbow_4.png; sourceTree = "<group>"; };
		166D6F812BDFED2E0051364F /* ShareView.swift */ = {isa = PBXFileReference; lastKnownFileType = sourcecode.swift; path = ShareView.swift; sourceTree = "<group>"; };
		166D6F832BDFF3D00051364F /* emily.png */ = {isa = PBXFileReference; lastKnownFileType = image.png; path = emily.png; sourceTree = "<group>"; };
		166FB6A22B7AA0F3004FAD5B /* ColorString.swift */ = {isa = PBXFileReference; lastKnownFileType = sourcecode.swift; path = ColorString.swift; sourceTree = "<group>"; };
		16C5D7462B6173D0008D91E0 /* test_vp.app */ = {isa = PBXFileReference; explicitFileType = wrapper.application; includeInIndex = 0; path = test_vp.app; sourceTree = BUILT_PRODUCTS_DIR; };
		16C5D74A2B6173D0008D91E0 /* RealityKitContent */ = {isa = PBXFileReference; lastKnownFileType = wrapper; path = RealityKitContent; sourceTree = "<group>"; };
		16C5D74D2B6173D0008D91E0 /* test_vpApp.swift */ = {isa = PBXFileReference; lastKnownFileType = sourcecode.swift; path = test_vpApp.swift; sourceTree = "<group>"; };
		16C5D74F2B6173D0008D91E0 /* ContentView.swift */ = {isa = PBXFileReference; lastKnownFileType = sourcecode.swift; path = ContentView.swift; sourceTree = "<group>"; };
		16C5D7512B6173D2008D91E0 /* Assets.xcassets */ = {isa = PBXFileReference; lastKnownFileType = folder.assetcatalog; path = Assets.xcassets; sourceTree = "<group>"; };
		16C5D7542B6173D2008D91E0 /* Preview Assets.xcassets */ = {isa = PBXFileReference; lastKnownFileType = folder.assetcatalog; path = "Preview Assets.xcassets"; sourceTree = "<group>"; };
		16C5D7562B6173D2008D91E0 /* Info.plist */ = {isa = PBXFileReference; lastKnownFileType = text.plist.xml; path = Info.plist; sourceTree = "<group>"; };
		16C5D75B2B6173D3008D91E0 /* test_vpTests.xctest */ = {isa = PBXFileReference; explicitFileType = wrapper.cfbundle; includeInIndex = 0; path = test_vpTests.xctest; sourceTree = BUILT_PRODUCTS_DIR; };
		16C5D75F2B6173D3008D91E0 /* test_vpTests.swift */ = {isa = PBXFileReference; lastKnownFileType = sourcecode.swift; path = test_vpTests.swift; sourceTree = "<group>"; };
		16CF4A9F2BC9F3A000C105C2 /* portalBig.obj */ = {isa = PBXFileReference; fileEncoding = 4; lastKnownFileType = text; name = portalBig.obj; path = ../../../../Downloads/portalBig.obj; sourceTree = "<group>"; };
		16DB82392BD5FC0A0060C56A /* CirrusCumulus.otf */ = {isa = PBXFileReference; lastKnownFileType = file; name = CirrusCumulus.otf; path = "../../../kinetic/cloud-2/CirrusCumulus.otf"; sourceTree = "<group>"; };
		16DB823B2BD60B8C0060C56A /* cloud-lighter.png */ = {isa = PBXFileReference; lastKnownFileType = image.png; name = "cloud-lighter.png"; path = "../../../kinetic/cloud-2/cloud-lighter.png"; sourceTree = "<group>"; };
		16DB823D2BD60CF00060C56A /* whitecloud.png */ = {isa = PBXFileReference; lastKnownFileType = image.png; name = whitecloud.png; path = "../../../kinetic/cloud-2/whitecloud.png"; sourceTree = "<group>"; };
		16DB823F2BD622F20060C56A /* cloud-1.png */ = {isa = PBXFileReference; lastKnownFileType = image.png; path = "cloud-1.png"; sourceTree = "<group>"; };
		16DB82402BD622F20060C56A /* cloud-2.png */ = {isa = PBXFileReference; lastKnownFileType = image.png; path = "cloud-2.png"; sourceTree = "<group>"; };
		16DB82412BD622F20060C56A /* cloud-3.png */ = {isa = PBXFileReference; lastKnownFileType = image.png; path = "cloud-3.png"; sourceTree = "<group>"; };
		16DB82422BD622F20060C56A /* dawn-4.png */ = {isa = PBXFileReference; lastKnownFileType = image.png; path = "dawn-4.png"; sourceTree = "<group>"; };
		16DB82432BD622F20060C56A /* dawn-5.png */ = {isa = PBXFileReference; lastKnownFileType = image.png; path = "dawn-5.png"; sourceTree = "<group>"; };
		16DB82442BD622F20060C56A /* dawn-6.png */ = {isa = PBXFileReference; lastKnownFileType = image.png; path = "dawn-6.png"; sourceTree = "<group>"; };
		16DB82452BD622F20060C56A /* day-2.png */ = {isa = PBXFileReference; lastKnownFileType = image.png; path = "day-2.png"; sourceTree = "<group>"; };
		16DB82462BD622F20060C56A /* day-4.png */ = {isa = PBXFileReference; lastKnownFileType = image.png; path = "day-4.png"; sourceTree = "<group>"; };
		16DB82472BD622F20060C56A /* day-5.png */ = {isa = PBXFileReference; lastKnownFileType = image.png; path = "day-5.png"; sourceTree = "<group>"; };
		16DB82482BD622F20060C56A /* dusk-2.png */ = {isa = PBXFileReference; lastKnownFileType = image.png; path = "dusk-2.png"; sourceTree = "<group>"; };
		16DB82492BD622F20060C56A /* dusk-3.png */ = {isa = PBXFileReference; lastKnownFileType = image.png; path = "dusk-3.png"; sourceTree = "<group>"; };
		16DB824A2BD622F20060C56A /* dusk-4.png */ = {isa = PBXFileReference; lastKnownFileType = image.png; path = "dusk-4.png"; sourceTree = "<group>"; };
		16DB824B2BD622F20060C56A /* dusk-5.png */ = {isa = PBXFileReference; lastKnownFileType = image.png; path = "dusk-5.png"; sourceTree = "<group>"; };
		16DB824C2BD622F20060C56A /* dusk-6.png */ = {isa = PBXFileReference; lastKnownFileType = image.png; path = "dusk-6.png"; sourceTree = "<group>"; };
/* End PBXFileReference section */

/* Begin PBXFrameworksBuildPhase section */
		16C5D7432B6173D0008D91E0 /* Frameworks */ = {
			isa = PBXFrameworksBuildPhase;
			buildActionMask = 2147483647;
			files = (
				16C5D74C2B6173D0008D91E0 /* RealityKitContent in Frameworks */,
			);
			runOnlyForDeploymentPostprocessing = 0;
		};
		16C5D7582B6173D3008D91E0 /* Frameworks */ = {
			isa = PBXFrameworksBuildPhase;
			buildActionMask = 2147483647;
			files = (
			);
			runOnlyForDeploymentPostprocessing = 0;
		};
/* End PBXFrameworksBuildPhase section */

/* Begin PBXGroup section */
		166FB6A12B7AA0D7004FAD5B /* Model */ = {
			isa = PBXGroup;
			children = (
				166FB6A22B7AA0F3004FAD5B /* ColorString.swift */,
				160446F72BE068D800560DE7 /* GestureModel.swift */,
			);
			path = Model;
			sourceTree = "<group>";
		};
		166FB6A42B7AA14C004FAD5B /* ViewModel */ = {
			isa = PBXGroup;
			children = (
				1623E6682BDEE66C006390A0 /* ViewModel.swift */,
			);
			path = ViewModel;
			sourceTree = "<group>";
		};
		166FB6A82B7AAB6B004FAD5B /* View */ = {
			isa = PBXGroup;
			children = (
				16C5D74F2B6173D0008D91E0 /* ContentView.swift */,
				162FB1612BC8943F00B9BA2D /* StartView.swift */,
				160C7E012BC82D5800D942BE /* IntentView.swift */,
				162FB1312BC8438500B9BA2D /* MenuView.swift */,
				162FB1332BC878EE00B9BA2D /* SkyView.swift */,
				1623E66A2BDF5099006390A0 /* DrawingView.swift */,
				166D6F812BDFED2E0051364F /* ShareView.swift */,
			);
			path = View;
			sourceTree = "<group>";
		};
		16C5D73D2B6173D0008D91E0 = {
			isa = PBXGroup;
			children = (
				16C5D7482B6173D0008D91E0 /* test_vp */,
				16C5D7492B6173D0008D91E0 /* Packages */,
				16C5D75E2B6173D3008D91E0 /* test_vpTests */,
				16C5D7472B6173D0008D91E0 /* Products */,
			);
			sourceTree = "<group>";
		};
		16C5D7472B6173D0008D91E0 /* Products */ = {
			isa = PBXGroup;
			children = (
				16C5D7462B6173D0008D91E0 /* test_vp.app */,
				16C5D75B2B6173D3008D91E0 /* test_vpTests.xctest */,
			);
			name = Products;
			sourceTree = "<group>";
		};
		16C5D7482B6173D0008D91E0 /* test_vp */ = {
			isa = PBXGroup;
			children = (
				16CF4A9E2BC9F36200C105C2 /* Resources */,
				166FB6A82B7AAB6B004FAD5B /* View */,
				166FB6A42B7AA14C004FAD5B /* ViewModel */,
				166FB6A12B7AA0D7004FAD5B /* Model */,
				16C5D74D2B6173D0008D91E0 /* test_vpApp.swift */,
				16C5D7512B6173D2008D91E0 /* Assets.xcassets */,
				16C5D7562B6173D2008D91E0 /* Info.plist */,
				16C5D7532B6173D2008D91E0 /* Preview Content */,
			);
			path = test_vp;
			sourceTree = "<group>";
		};
		16C5D7492B6173D0008D91E0 /* Packages */ = {
			isa = PBXGroup;
			children = (
				16C5D74A2B6173D0008D91E0 /* RealityKitContent */,
			);
			path = Packages;
			sourceTree = "<group>";
		};
		16C5D7532B6173D2008D91E0 /* Preview Content */ = {
			isa = PBXGroup;
			children = (
				16C5D7542B6173D2008D91E0 /* Preview Assets.xcassets */,
			);
			path = "Preview Content";
			sourceTree = "<group>";
		};
		16C5D75E2B6173D3008D91E0 /* test_vpTests */ = {
			isa = PBXGroup;
			children = (
				16C5D75F2B6173D3008D91E0 /* test_vpTests.swift */,
			);
			path = test_vpTests;
			sourceTree = "<group>";
		};
		16CF4A9E2BC9F36200C105C2 /* Resources */ = {
			isa = PBXGroup;
			children = (
				160446FB2BE0729E00560DE7 /* cloud_cat.mp4 */,
				160446FE2BE0742E00560DE7 /* reference.png */,
				160446F92BE0727F00560DE7 /* cloud_0_6.mp4 */,
				166D6F832BDFF3D00051364F /* emily.png */,
				162B16A52BDDD0A6009CECA7 /* cloud_0_5.mp4 */,
				162B16A32BDDCAD6009CECA7 /* cloud_0_3.mp4 */,
				162B16A12BDD784B009CECA7 /* cloud_0.mp4 */,
				16DB824D2BD622F20060C56A /* clouds */,
				16DB823D2BD60CF00060C56A /* whitecloud.png */,
				16DB823B2BD60B8C0060C56A /* cloud-lighter.png */,
				16DB82392BD5FC0A0060C56A /* CirrusCumulus.otf */,
				1647C6482BCD8F0B00C1B684 /* rainbow_4.png */,
				1647C6462BCD88C900C1B684 /* sky.MOV */,
				16CF4A9F2BC9F3A000C105C2 /* portalBig.obj */,
				160447012BE0849000560DE7 /* Media.xcassets */,
			);
			path = Resources;
			sourceTree = "<group>";
		};
		16DB824D2BD622F20060C56A /* clouds */ = {
			isa = PBXGroup;
			children = (
				16DB823F2BD622F20060C56A /* cloud-1.png */,
				16DB82402BD622F20060C56A /* cloud-2.png */,
				16DB82412BD622F20060C56A /* cloud-3.png */,
				16DB82422BD622F20060C56A /* dawn-4.png */,
				16DB82432BD622F20060C56A /* dawn-5.png */,
				16DB82442BD622F20060C56A /* dawn-6.png */,
				16DB82452BD622F20060C56A /* day-2.png */,
				16DB82462BD622F20060C56A /* day-4.png */,
				16DB82472BD622F20060C56A /* day-5.png */,
				16DB82482BD622F20060C56A /* dusk-2.png */,
				16DB82492BD622F20060C56A /* dusk-3.png */,
				16DB824A2BD622F20060C56A /* dusk-4.png */,
				16DB824B2BD622F20060C56A /* dusk-5.png */,
				16DB824C2BD622F20060C56A /* dusk-6.png */,
			);
			path = clouds;
			sourceTree = "<group>";
		};
/* End PBXGroup section */

/* Begin PBXNativeTarget section */
		16C5D7452B6173D0008D91E0 /* test_vp */ = {
			isa = PBXNativeTarget;
			buildConfigurationList = 16C5D7632B6173D3008D91E0 /* Build configuration list for PBXNativeTarget "test_vp" */;
			buildPhases = (
				16C5D7422B6173D0008D91E0 /* Sources */,
				16C5D7432B6173D0008D91E0 /* Frameworks */,
				16C5D7442B6173D0008D91E0 /* Resources */,
			);
			buildRules = (
			);
			dependencies = (
			);
			name = test_vp;
			packageProductDependencies = (
				16C5D74B2B6173D0008D91E0 /* RealityKitContent */,
			);
			productName = test_vp;
			productReference = 16C5D7462B6173D0008D91E0 /* test_vp.app */;
			productType = "com.apple.product-type.application";
		};
		16C5D75A2B6173D3008D91E0 /* test_vpTests */ = {
			isa = PBXNativeTarget;
			buildConfigurationList = 16C5D7662B6173D3008D91E0 /* Build configuration list for PBXNativeTarget "test_vpTests" */;
			buildPhases = (
				16C5D7572B6173D3008D91E0 /* Sources */,
				16C5D7582B6173D3008D91E0 /* Frameworks */,
				16C5D7592B6173D3008D91E0 /* Resources */,
			);
			buildRules = (
			);
			dependencies = (
				16C5D75D2B6173D3008D91E0 /* PBXTargetDependency */,
			);
			name = test_vpTests;
			productName = test_vpTests;
			productReference = 16C5D75B2B6173D3008D91E0 /* test_vpTests.xctest */;
			productType = "com.apple.product-type.bundle.unit-test";
		};
/* End PBXNativeTarget section */

/* Begin PBXProject section */
		16C5D73E2B6173D0008D91E0 /* Project object */ = {
			isa = PBXProject;
			attributes = {
				BuildIndependentTargetsInParallel = 1;
				LastSwiftUpdateCheck = 1520;
				LastUpgradeCheck = 1520;
				TargetAttributes = {
					16C5D7452B6173D0008D91E0 = {
						CreatedOnToolsVersion = 15.2;
					};
					16C5D75A2B6173D3008D91E0 = {
						CreatedOnToolsVersion = 15.2;
						TestTargetID = 16C5D7452B6173D0008D91E0;
					};
				};
			};
			buildConfigurationList = 16C5D7412B6173D0008D91E0 /* Build configuration list for PBXProject "test_vp" */;
			compatibilityVersion = "Xcode 14.0";
			developmentRegion = en;
			hasScannedForEncodings = 0;
			knownRegions = (
				en,
				Base,
			);
			mainGroup = 16C5D73D2B6173D0008D91E0;
			productRefGroup = 16C5D7472B6173D0008D91E0 /* Products */;
			projectDirPath = "";
			projectRoot = "";
			targets = (
				16C5D7452B6173D0008D91E0 /* test_vp */,
				16C5D75A2B6173D3008D91E0 /* test_vpTests */,
			);
		};
/* End PBXProject section */

/* Begin PBXResourcesBuildPhase section */
		16C5D7442B6173D0008D91E0 /* Resources */ = {
			isa = PBXResourcesBuildPhase;
			buildActionMask = 2147483647;
			files = (
				16DB82532BD622F20060C56A /* dawn-6.png in Resources */,
				16DB82592BD622F20060C56A /* dusk-4.png in Resources */,
				16DB824F2BD622F20060C56A /* cloud-2.png in Resources */,
				16DB823A2BD5FC0A0060C56A /* CirrusCumulus.otf in Resources */,
				16DB823E2BD60CF00060C56A /* whitecloud.png in Resources */,
				16C5D7552B6173D2008D91E0 /* Preview Assets.xcassets in Resources */,
				16DB82512BD622F20060C56A /* dawn-4.png in Resources */,
				16CF4AA02BC9F3A000C105C2 /* portalBig.obj in Resources */,
				160446FF2BE0742E00560DE7 /* reference.png in Resources */,
				16DB82542BD622F20060C56A /* day-2.png in Resources */,
				160447022BE0849000560DE7 /* Media.xcassets in Resources */,
				166D6F842BDFF3D00051364F /* emily.png in Resources */,
				16DB825A2BD622F20060C56A /* dusk-5.png in Resources */,
				16DB82582BD622F20060C56A /* dusk-3.png in Resources */,
				16DB823C2BD60B8C0060C56A /* cloud-lighter.png in Resources */,
				16DB82572BD622F20060C56A /* dusk-2.png in Resources */,
				160446FA2BE0727F00560DE7 /* cloud_0_6.mp4 in Resources */,
				16DB825B2BD622F20060C56A /* dusk-6.png in Resources */,
				162B16A22BDD784B009CECA7 /* cloud_0.mp4 in Resources */,
				16DB82502BD622F20060C56A /* cloud-3.png in Resources */,
				160446FC2BE0729E00560DE7 /* cloud_cat.mp4 in Resources */,
				16DB82562BD622F20060C56A /* day-5.png in Resources */,
				1647C6492BCD8F0B00C1B684 /* rainbow_4.png in Resources */,
				16DB82552BD622F20060C56A /* day-4.png in Resources */,
				1647C6472BCD88C900C1B684 /* sky.MOV in Resources */,
				162B16A42BDDCAD6009CECA7 /* cloud_0_3.mp4 in Resources */,
				16C5D7522B6173D2008D91E0 /* Assets.xcassets in Resources */,
				16DB82522BD622F20060C56A /* dawn-5.png in Resources */,
				16DB824E2BD622F20060C56A /* cloud-1.png in Resources */,
				162B16A62BDDD0A6009CECA7 /* cloud_0_5.mp4 in Resources */,
			);
			runOnlyForDeploymentPostprocessing = 0;
		};
		16C5D7592B6173D3008D91E0 /* Resources */ = {
			isa = PBXResourcesBuildPhase;
			buildActionMask = 2147483647;
			files = (
			);
			runOnlyForDeploymentPostprocessing = 0;
		};
/* End PBXResourcesBuildPhase section */

/* Begin PBXSourcesBuildPhase section */
		16C5D7422B6173D0008D91E0 /* Sources */ = {
			isa = PBXSourcesBuildPhase;
			buildActionMask = 2147483647;
			files = (
				166D6F822BDFED2E0051364F /* ShareView.swift in Sources */,
				162FB1622BC8943F00B9BA2D /* StartView.swift in Sources */,
				162FB1322BC8438500B9BA2D /* MenuView.swift in Sources */,
				1623E6692BDEE66C006390A0 /* ViewModel.swift in Sources */,
				160C7E022BC82D5800D942BE /* IntentView.swift in Sources */,
				166FB6A32B7AA0F3004FAD5B /* ColorString.swift in Sources */,
				160446F82BE068D800560DE7 /* GestureModel.swift in Sources */,
				16C5D7502B6173D0008D91E0 /* ContentView.swift in Sources */,
				1623E66B2BDF5099006390A0 /* DrawingView.swift in Sources */,
				16C5D74E2B6173D0008D91E0 /* test_vpApp.swift in Sources */,
				162FB1342BC878EE00B9BA2D /* SkyView.swift in Sources */,
			);
			runOnlyForDeploymentPostprocessing = 0;
		};
		16C5D7572B6173D3008D91E0 /* Sources */ = {
			isa = PBXSourcesBuildPhase;
			buildActionMask = 2147483647;
			files = (
				16C5D7602B6173D3008D91E0 /* test_vpTests.swift in Sources */,
			);
			runOnlyForDeploymentPostprocessing = 0;
		};
/* End PBXSourcesBuildPhase section */

/* Begin PBXTargetDependency section */
		16C5D75D2B6173D3008D91E0 /* PBXTargetDependency */ = {
			isa = PBXTargetDependency;
			target = 16C5D7452B6173D0008D91E0 /* test_vp */;
			targetProxy = 16C5D75C2B6173D3008D91E0 /* PBXContainerItemProxy */;
		};
/* End PBXTargetDependency section */

/* Begin XCBuildConfiguration section */
		16C5D7612B6173D3008D91E0 /* Debug */ = {
			isa = XCBuildConfiguration;
			buildSettings = {
				ALWAYS_SEARCH_USER_PATHS = NO;
				ASSETCATALOG_COMPILER_GENERATE_SWIFT_ASSET_SYMBOL_EXTENSIONS = YES;
				CLANG_ANALYZER_NONNULL = YES;
				CLANG_ANALYZER_NUMBER_OBJECT_CONVERSION = YES_AGGRESSIVE;
				CLANG_CXX_LANGUAGE_STANDARD = "gnu++20";
				CLANG_ENABLE_MODULES = YES;
				CLANG_ENABLE_OBJC_ARC = YES;
				CLANG_ENABLE_OBJC_WEAK = YES;
				CLANG_WARN_BLOCK_CAPTURE_AUTORELEASING = YES;
				CLANG_WARN_BOOL_CONVERSION = YES;
				CLANG_WARN_COMMA = YES;
				CLANG_WARN_CONSTANT_CONVERSION = YES;
				CLANG_WARN_DEPRECATED_OBJC_IMPLEMENTATIONS = YES;
				CLANG_WARN_DIRECT_OBJC_ISA_USAGE = YES_ERROR;
				CLANG_WARN_DOCUMENTATION_COMMENTS = YES;
				CLANG_WARN_EMPTY_BODY = YES;
				CLANG_WARN_ENUM_CONVERSION = YES;
				CLANG_WARN_INFINITE_RECURSION = YES;
				CLANG_WARN_INT_CONVERSION = YES;
				CLANG_WARN_NON_LITERAL_NULL_CONVERSION = YES;
				CLANG_WARN_OBJC_IMPLICIT_RETAIN_SELF = YES;
				CLANG_WARN_OBJC_LITERAL_CONVERSION = YES;
				CLANG_WARN_OBJC_ROOT_CLASS = YES_ERROR;
				CLANG_WARN_QUOTED_INCLUDE_IN_FRAMEWORK_HEADER = YES;
				CLANG_WARN_RANGE_LOOP_ANALYSIS = YES;
				CLANG_WARN_STRICT_PROTOTYPES = YES;
				CLANG_WARN_SUSPICIOUS_MOVE = YES;
				CLANG_WARN_UNGUARDED_AVAILABILITY = YES_AGGRESSIVE;
				CLANG_WARN_UNREACHABLE_CODE = YES;
				CLANG_WARN__DUPLICATE_METHOD_MATCH = YES;
				COPY_PHASE_STRIP = NO;
				DEBUG_INFORMATION_FORMAT = dwarf;
				ENABLE_STRICT_OBJC_MSGSEND = YES;
				ENABLE_TESTABILITY = YES;
				ENABLE_USER_SCRIPT_SANDBOXING = YES;
				GCC_C_LANGUAGE_STANDARD = gnu17;
				GCC_DYNAMIC_NO_PIC = NO;
				GCC_NO_COMMON_BLOCKS = YES;
				GCC_OPTIMIZATION_LEVEL = 0;
				GCC_PREPROCESSOR_DEFINITIONS = (
					"DEBUG=1",
					"$(inherited)",
				);
				GCC_WARN_64_TO_32_BIT_CONVERSION = YES;
				GCC_WARN_ABOUT_RETURN_TYPE = YES_ERROR;
				GCC_WARN_UNDECLARED_SELECTOR = YES;
				GCC_WARN_UNINITIALIZED_AUTOS = YES_AGGRESSIVE;
				GCC_WARN_UNUSED_FUNCTION = YES;
				GCC_WARN_UNUSED_VARIABLE = YES;
				LOCALIZATION_PREFERS_STRING_CATALOGS = YES;
				MTL_ENABLE_DEBUG_INFO = INCLUDE_SOURCE;
				MTL_FAST_MATH = YES;
				ONLY_ACTIVE_ARCH = YES;
				SDKROOT = xros;
				SWIFT_ACTIVE_COMPILATION_CONDITIONS = "DEBUG $(inherited)";
				SWIFT_OPTIMIZATION_LEVEL = "-Onone";
				XROS_DEPLOYMENT_TARGET = 1.0;
			};
			name = Debug;
		};
		16C5D7622B6173D3008D91E0 /* Release */ = {
			isa = XCBuildConfiguration;
			buildSettings = {
				ALWAYS_SEARCH_USER_PATHS = NO;
				ASSETCATALOG_COMPILER_GENERATE_SWIFT_ASSET_SYMBOL_EXTENSIONS = YES;
				CLANG_ANALYZER_NONNULL = YES;
				CLANG_ANALYZER_NUMBER_OBJECT_CONVERSION = YES_AGGRESSIVE;
				CLANG_CXX_LANGUAGE_STANDARD = "gnu++20";
				CLANG_ENABLE_MODULES = YES;
				CLANG_ENABLE_OBJC_ARC = YES;
				CLANG_ENABLE_OBJC_WEAK = YES;
				CLANG_WARN_BLOCK_CAPTURE_AUTORELEASING = YES;
				CLANG_WARN_BOOL_CONVERSION = YES;
				CLANG_WARN_COMMA = YES;
				CLANG_WARN_CONSTANT_CONVERSION = YES;
				CLANG_WARN_DEPRECATED_OBJC_IMPLEMENTATIONS = YES;
				CLANG_WARN_DIRECT_OBJC_ISA_USAGE = YES_ERROR;
				CLANG_WARN_DOCUMENTATION_COMMENTS = YES;
				CLANG_WARN_EMPTY_BODY = YES;
				CLANG_WARN_ENUM_CONVERSION = YES;
				CLANG_WARN_INFINITE_RECURSION = YES;
				CLANG_WARN_INT_CONVERSION = YES;
				CLANG_WARN_NON_LITERAL_NULL_CONVERSION = YES;
				CLANG_WARN_OBJC_IMPLICIT_RETAIN_SELF = YES;
				CLANG_WARN_OBJC_LITERAL_CONVERSION = YES;
				CLANG_WARN_OBJC_ROOT_CLASS = YES_ERROR;
				CLANG_WARN_QUOTED_INCLUDE_IN_FRAMEWORK_HEADER = YES;
				CLANG_WARN_RANGE_LOOP_ANALYSIS = YES;
				CLANG_WARN_STRICT_PROTOTYPES = YES;
				CLANG_WARN_SUSPICIOUS_MOVE = YES;
				CLANG_WARN_UNGUARDED_AVAILABILITY = YES_AGGRESSIVE;
				CLANG_WARN_UNREACHABLE_CODE = YES;
				CLANG_WARN__DUPLICATE_METHOD_MATCH = YES;
				COPY_PHASE_STRIP = NO;
				DEBUG_INFORMATION_FORMAT = "dwarf-with-dsym";
				ENABLE_NS_ASSERTIONS = NO;
				ENABLE_STRICT_OBJC_MSGSEND = YES;
				ENABLE_USER_SCRIPT_SANDBOXING = YES;
				GCC_C_LANGUAGE_STANDARD = gnu17;
				GCC_NO_COMMON_BLOCKS = YES;
				GCC_WARN_64_TO_32_BIT_CONVERSION = YES;
				GCC_WARN_ABOUT_RETURN_TYPE = YES_ERROR;
				GCC_WARN_UNDECLARED_SELECTOR = YES;
				GCC_WARN_UNINITIALIZED_AUTOS = YES_AGGRESSIVE;
				GCC_WARN_UNUSED_FUNCTION = YES;
				GCC_WARN_UNUSED_VARIABLE = YES;
				LOCALIZATION_PREFERS_STRING_CATALOGS = YES;
				MTL_ENABLE_DEBUG_INFO = NO;
				MTL_FAST_MATH = YES;
				SDKROOT = xros;
				SWIFT_COMPILATION_MODE = wholemodule;
				VALIDATE_PRODUCT = YES;
				XROS_DEPLOYMENT_TARGET = 1.0;
			};
			name = Release;
		};
		16C5D7642B6173D3008D91E0 /* Debug */ = {
			isa = XCBuildConfiguration;
			buildSettings = {
				ASSETCATALOG_COMPILER_APPICON_NAME = AppIcon;
				ASSETCATALOG_COMPILER_GLOBAL_ACCENT_COLOR_NAME = AccentColor;
				CODE_SIGN_STYLE = Automatic;
				CURRENT_PROJECT_VERSION = 1;
				DEVELOPMENT_ASSET_PATHS = "\"test_vp/Preview Content\"";
				DEVELOPMENT_TEAM = 5822NE4FCG;
				ENABLE_PREVIEWS = YES;
				GENERATE_INFOPLIST_FILE = YES;
				INFOPLIST_FILE = "$(TARGET_NAME)/Info.plist";
				LD_RUNPATH_SEARCH_PATHS = (
					"$(inherited)",
					"@executable_path/Frameworks",
				);
				MARKETING_VERSION = 1.0;
				PRODUCT_BUNDLE_IDENTIFIER = "testBL.test-vp";
				PRODUCT_NAME = "$(TARGET_NAME)";
				SUPPORTED_PLATFORMS = "xros xrsimulator";
				SWIFT_EMIT_LOC_STRINGS = YES;
				SWIFT_VERSION = 5.0;
				TARGETED_DEVICE_FAMILY = "1,2,7";
			};
			name = Debug;
		};
		16C5D7652B6173D3008D91E0 /* Release */ = {
			isa = XCBuildConfiguration;
			buildSettings = {
				ASSETCATALOG_COMPILER_APPICON_NAME = AppIcon;
				ASSETCATALOG_COMPILER_GLOBAL_ACCENT_COLOR_NAME = AccentColor;
				CODE_SIGN_STYLE = Automatic;
				CURRENT_PROJECT_VERSION = 1;
				DEVELOPMENT_ASSET_PATHS = "\"test_vp/Preview Content\"";
				DEVELOPMENT_TEAM = 5822NE4FCG;
				ENABLE_PREVIEWS = YES;
				GENERATE_INFOPLIST_FILE = YES;
				INFOPLIST_FILE = "$(TARGET_NAME)/Info.plist";
				LD_RUNPATH_SEARCH_PATHS = (
					"$(inherited)",
					"@executable_path/Frameworks",
				);
				MARKETING_VERSION = 1.0;
				PRODUCT_BUNDLE_IDENTIFIER = "testBL.test-vp";
				PRODUCT_NAME = "$(TARGET_NAME)";
				SUPPORTED_PLATFORMS = "xros xrsimulator";
				SWIFT_EMIT_LOC_STRINGS = YES;
				SWIFT_VERSION = 5.0;
				TARGETED_DEVICE_FAMILY = "1,2,7";
			};
			name = Release;
		};
		16C5D7672B6173D3008D91E0 /* Debug */ = {
			isa = XCBuildConfiguration;
			buildSettings = {
				ALWAYS_EMBED_SWIFT_STANDARD_LIBRARIES = YES;
				BUNDLE_LOADER = "$(TEST_HOST)";
				CODE_SIGN_STYLE = Automatic;
				CURRENT_PROJECT_VERSION = 1;
				GENERATE_INFOPLIST_FILE = YES;
				MARKETING_VERSION = 1.0;
				PRODUCT_BUNDLE_IDENTIFIER = "testBL.test-vpTests";
				PRODUCT_NAME = "$(TARGET_NAME)";
				SUPPORTED_PLATFORMS = "xros xrsimulator";
				SWIFT_EMIT_LOC_STRINGS = NO;
				SWIFT_VERSION = 5.0;
				TARGETED_DEVICE_FAMILY = "1,2,7";
				TEST_HOST = "$(BUILT_PRODUCTS_DIR)/test_vp.app/$(BUNDLE_EXECUTABLE_FOLDER_PATH)/test_vp";
				XROS_DEPLOYMENT_TARGET = 1.0;
			};
			name = Debug;
		};
		16C5D7682B6173D3008D91E0 /* Release */ = {
			isa = XCBuildConfiguration;
			buildSettings = {
				ALWAYS_EMBED_SWIFT_STANDARD_LIBRARIES = YES;
				BUNDLE_LOADER = "$(TEST_HOST)";
				CODE_SIGN_STYLE = Automatic;
				CURRENT_PROJECT_VERSION = 1;
				GENERATE_INFOPLIST_FILE = YES;
				MARKETING_VERSION = 1.0;
				PRODUCT_BUNDLE_IDENTIFIER = "testBL.test-vpTests";
				PRODUCT_NAME = "$(TARGET_NAME)";
				SUPPORTED_PLATFORMS = "xros xrsimulator";
				SWIFT_EMIT_LOC_STRINGS = NO;
				SWIFT_VERSION = 5.0;
				TARGETED_DEVICE_FAMILY = "1,2,7";
				TEST_HOST = "$(BUILT_PRODUCTS_DIR)/test_vp.app/$(BUNDLE_EXECUTABLE_FOLDER_PATH)/test_vp";
				XROS_DEPLOYMENT_TARGET = 1.0;
			};
			name = Release;
		};
/* End XCBuildConfiguration section */

/* Begin XCConfigurationList section */
		16C5D7412B6173D0008D91E0 /* Build configuration list for PBXProject "test_vp" */ = {
			isa = XCConfigurationList;
			buildConfigurations = (
				16C5D7612B6173D3008D91E0 /* Debug */,
				16C5D7622B6173D3008D91E0 /* Release */,
			);
			defaultConfigurationIsVisible = 0;
			defaultConfigurationName = Release;
		};
		16C5D7632B6173D3008D91E0 /* Build configuration list for PBXNativeTarget "test_vp" */ = {
			isa = XCConfigurationList;
			buildConfigurations = (
				16C5D7642B6173D3008D91E0 /* Debug */,
				16C5D7652B6173D3008D91E0 /* Release */,
			);
			defaultConfigurationIsVisible = 0;
			defaultConfigurationName = Release;
		};
		16C5D7662B6173D3008D91E0 /* Build configuration list for PBXNativeTarget "test_vpTests" */ = {
			isa = XCConfigurationList;
			buildConfigurations = (
				16C5D7672B6173D3008D91E0 /* Debug */,
				16C5D7682B6173D3008D91E0 /* Release */,
			);
			defaultConfigurationIsVisible = 0;
			defaultConfigurationName = Release;
		};
/* End XCConfigurationList section */

/* Begin XCSwiftPackageProductDependency section */
		16C5D74B2B6173D0008D91E0 /* RealityKitContent */ = {
			isa = XCSwiftPackageProductDependency;
			productName = RealityKitContent;
		};
/* End XCSwiftPackageProductDependency section */
	};
	rootObject = 16C5D73E2B6173D0008D91E0 /* Project object */;
}
